
Microsoft Visual Studio Solution File, Format Version 12.00
# Visual Studio Version 16
VisualStudioVersion = 16.0.30621.155
MinimumVisualStudioVersion = 10.0.40219.1
Project("{FAE04EC0-301F-11D3-BF4B-00C04F79EFBC}") = "WebApplicationMiddleware", "WebApplicationMiddleware\WebApplicationMiddleware.csproj", "{2EDEDA6C-C6C3-41F0-8FD4-484BEBD77E40}"
EndProject
Global
	GlobalSection(SolutionConfigurationPlatforms) = preSolution
		Debug|Any CPU = Debug|Any CPU
		Release|Any CPU = Release|Any CPU
	EndGlobalSection
	GlobalSection(ProjectConfigurationPlatforms) = postSolution
		{2EDEDA6C-C6C3-41F0-8FD4-484BEBD77E40}.Debug|Any CPU.ActiveCfg = Debug|Any CPU
		{2EDEDA6C-C6C3-41F0-8FD4-484BEBD77E40}.Debug|Any CPU.Build.0 = Debug|Any CPU
		{2EDEDA6C-C6C3-41F0-8FD4-484BEBD77E40}.Release|Any CPU.ActiveCfg = Release|Any CPU
		{2EDEDA6C-C6C3-41F0-8FD4-484BEBD77E40}.Release|Any CPU.Build.0 = Release|Any CPU
	EndGlobalSection
	GlobalSection(SolutionProperties) = preSolution
		HideSolutionNode = FALSE
	EndGlobalSection
	GlobalSection(ExtensibilityGlobals) = postSolution
		SolutionGuid = {2500AE31-21C6-4ADA-B142-2D1EFBD7BFCC}
	EndGlobalSection
EndGlobal
